
Microsoft Visual Studio Solution File, Format Version 12.00
# Visual Studio Version 17
VisualStudioVersion = 17.1.32421.90
MinimumVisualStudioVersion = 10.0.40219.1
Project("{9A19103F-16F7-4668-BE54-9A1E7A4F7556}") = "Demo.BLL", "Demo.BLL\Demo.BLL.csproj", "{83287F13-9115-494C-A86E-08910C56AE43}"
EndProject
Project("{9A19103F-16F7-4668-BE54-9A1E7A4F7556}") = "Demo.BLL.Contracts", "Demo.BLL.Contracts\Demo.BLL.Contracts.csproj", "{E71314E6-1430-461A-BFE4-F7822E0CAF27}"
EndProject
Project("{2150E333-8FDC-42A3-9474-1A3956D46DE8}") = "Demo.BLL", "Demo.BLL", "{F459731A-950D-4E03-A4C0-D6D19AA42A77}"
EndProject
Project("{2150E333-8FDC-42A3-9474-1A3956D46DE8}") = "Demo.CrossCutting", "Demo.CrossCutting", "{A7978F68-4F89-418D-AFB0-F388A2A950EC}"
EndProject
Project("{9A19103F-16F7-4668-BE54-9A1E7A4F7556}") = "Demo.Entities", "Demo.Entities\Demo.Entities.csproj", "{E712230D-668A-4820-B528-F057629AF841}"
EndProject
Project("{9A19103F-16F7-4668-BE54-9A1E7A4F7556}") = "Demo.Enums", "Demo.Enums\Demo.Enums.csproj", "{BCADC602-C2E0-4FDB-975D-D722646CAC0C}"
EndProject
Project("{9A19103F-16F7-4668-BE54-9A1E7A4F7556}") = "Demo.Logs", "Demo.Logs\Demo.Logs.csproj", "{6D16F6E3-B1A8-4CE7-8C44-9EDB656BE4AE}"
EndProject
Project("{2150E333-8FDC-42A3-9474-1A3956D46DE8}") = "Demo.DAL", "Demo.DAL", "{C8F266CB-D3FE-48B0-9822-6EDE2B61AFCC}"
EndProject
Project("{9A19103F-16F7-4668-BE54-9A1E7A4F7556}") = "Demo.DAL", "Demo.DAL\Demo.DAL.csproj", "{4D97A36D-3846-448C-8D74-257CC2ADAA59}"
EndProject
Project("{9A19103F-16F7-4668-BE54-9A1E7A4F7556}") = "Demo.DAL.Context", "Demo.DAL.Context\Demo.DAL.Context.csproj", "{9D8BF34E-22F3-4F1C-AD3F-E96DDB138A97}"
EndProject
Project("{9A19103F-16F7-4668-BE54-9A1E7A4F7556}") = "Demo.DAL.Contracts", "Demo.DAL.Contracts\Demo.DAL.Contracts.csproj", "{7CE0A616-27A0-4818-A478-979CA139D398}"
EndProject
Project("{2150E333-8FDC-42A3-9474-1A3956D46DE8}") = "Demo.Service", "Demo.Service", "{CADDD7F8-4297-4AC9-8DFB-EE7D9BB96BFA}"
EndProject
Project("{9A19103F-16F7-4668-BE54-9A1E7A4F7556}") = "Demo.Service", "Demo.Service\Demo.Service.csproj", "{10D257D3-151A-4596-A144-4247BBB93EEE}"
EndProject
Project("{9A19103F-16F7-4668-BE54-9A1E7A4F7556}") = "Demo.WebAPI", "Demo.WebAPI\Demo.WebAPI.csproj", "{973BE50E-A96B-4824-8A40-9732AD941EDB}"
EndProject
Project("{9A19103F-16F7-4668-BE54-9A1E7A4F7556}") = "Demo.ViewModel", "Demo.ViewModel\Demo.ViewModel.csproj", "{626C4AAD-9F3F-4CF5-B5C9-B77148C4EED7}"
EndProject
Project("{9A19103F-16F7-4668-BE54-9A1E7A4F7556}") = "Demo.IService", "Demo.IService\Demo.IService.csproj", "{5D830774-C986-4F98-B1CD-0013A2EB85BC}"
EndProject
Project("{9A19103F-16F7-4668-BE54-9A1E7A4F7556}") = "Demo.Helpers", "Demo.Helper\Demo.Helpers.csproj", "{6C29FABE-DA6E-4A19-A27A-A685F13409FA}"
EndProject
Project("{9A19103F-16F7-4668-BE54-9A1E7A4F7556}") = "Demo.WebUi", "Demo.WebUi\Demo.WebUi.csproj", "{AFA8FC86-D7E6-4391-93B3-3204472EED77}"
EndProject
Global
	GlobalSection(SolutionConfigurationPlatforms) = preSolution
		Debug|Any CPU = Debug|Any CPU
		newConfig|Any CPU = newConfig|Any CPU
		Release|Any CPU = Release|Any CPU
	EndGlobalSection
	GlobalSection(ProjectConfigurationPlatforms) = postSolution
		{83287F13-9115-494C-A86E-08910C56AE43}.Debug|Any CPU.ActiveCfg = Debug|Any CPU
		{83287F13-9115-494C-A86E-08910C56AE43}.Debug|Any CPU.Build.0 = Debug|Any CPU
		{83287F13-9115-494C-A86E-08910C56AE43}.newConfig|Any CPU.ActiveCfg = newConfig|Any CPU
		{83287F13-9115-494C-A86E-08910C56AE43}.newConfig|Any CPU.Build.0 = newConfig|Any CPU
		{83287F13-9115-494C-A86E-08910C56AE43}.Release|Any CPU.ActiveCfg = Release|Any CPU
		{83287F13-9115-494C-A86E-08910C56AE43}.Release|Any CPU.Build.0 = Release|Any CPU
		{E71314E6-1430-461A-BFE4-F7822E0CAF27}.Debug|Any CPU.ActiveCfg = Debug|Any CPU
		{E71314E6-1430-461A-BFE4-F7822E0CAF27}.Debug|Any CPU.Build.0 = Debug|Any CPU
		{E71314E6-1430-461A-BFE4-F7822E0CAF27}.newConfig|Any CPU.ActiveCfg = newConfig|Any CPU
		{E71314E6-1430-461A-BFE4-F7822E0CAF27}.newConfig|Any CPU.Build.0 = newConfig|Any CPU
		{E71314E6-1430-461A-BFE4-F7822E0CAF27}.Release|Any CPU.ActiveCfg = Release|Any CPU
		{E71314E6-1430-461A-BFE4-F7822E0CAF27}.Release|Any CPU.Build.0 = Release|Any CPU
		{E712230D-668A-4820-B528-F057629AF841}.Debug|Any CPU.ActiveCfg = Debug|Any CPU
		{E712230D-668A-4820-B528-F057629AF841}.Debug|Any CPU.Build.0 = Debug|Any CPU
		{E712230D-668A-4820-B528-F057629AF841}.newConfig|Any CPU.ActiveCfg = newConfig|Any CPU
		{E712230D-668A-4820-B528-F057629AF841}.newConfig|Any CPU.Build.0 = newConfig|Any CPU
		{E712230D-668A-4820-B528-F057629AF841}.Release|Any CPU.ActiveCfg = Release|Any CPU
		{E712230D-668A-4820-B528-F057629AF841}.Release|Any CPU.Build.0 = Release|Any CPU
		{BCADC602-C2E0-4FDB-975D-D722646CAC0C}.Debug|Any CPU.ActiveCfg = Debug|Any CPU
		{BCADC602-C2E0-4FDB-975D-D722646CAC0C}.Debug|Any CPU.Build.0 = Debug|Any CPU
		{BCADC602-C2E0-4FDB-975D-D722646CAC0C}.newConfig|Any CPU.ActiveCfg = newConfig|Any CPU
		{BCADC602-C2E0-4FDB-975D-D722646CAC0C}.newConfig|Any CPU.Build.0 = newConfig|Any CPU
		{BCADC602-C2E0-4FDB-975D-D722646CAC0C}.Release|Any CPU.ActiveCfg = Release|Any CPU
		{BCADC602-C2E0-4FDB-975D-D722646CAC0C}.Release|Any CPU.Build.0 = Release|Any CPU
		{6D16F6E3-B1A8-4CE7-8C44-9EDB656BE4AE}.Debug|Any CPU.ActiveCfg = Debug|Any CPU
		{6D16F6E3-B1A8-4CE7-8C44-9EDB656BE4AE}.Debug|Any CPU.Build.0 = Debug|Any CPU
		{6D16F6E3-B1A8-4CE7-8C44-9EDB656BE4AE}.newConfig|Any CPU.ActiveCfg = newConfig|Any CPU
		{6D16F6E3-B1A8-4CE7-8C44-9EDB656BE4AE}.newConfig|Any CPU.Build.0 = newConfig|Any CPU
		{6D16F6E3-B1A8-4CE7-8C44-9EDB656BE4AE}.Release|Any CPU.ActiveCfg = Release|Any CPU
		{6D16F6E3-B1A8-4CE7-8C44-9EDB656BE4AE}.Release|Any CPU.Build.0 = Release|Any CPU
		{4D97A36D-3846-448C-8D74-257CC2ADAA59}.Debug|Any CPU.ActiveCfg = Debug|Any CPU
		{4D97A36D-3846-448C-8D74-257CC2ADAA59}.Debug|Any CPU.Build.0 = Debug|Any CPU
		{4D97A36D-3846-448C-8D74-257CC2ADAA59}.newConfig|Any CPU.ActiveCfg = newConfig|Any CPU
		{4D97A36D-3846-448C-8D74-257CC2ADAA59}.newConfig|Any CPU.Build.0 = newConfig|Any CPU
		{4D97A36D-3846-448C-8D74-257CC2ADAA59}.Release|Any CPU.ActiveCfg = Release|Any CPU
		{4D97A36D-3846-448C-8D74-257CC2ADAA59}.Release|Any CPU.Build.0 = Release|Any CPU
		{9D8BF34E-22F3-4F1C-AD3F-E96DDB138A97}.Debug|Any CPU.ActiveCfg = Debug|Any CPU
		{9D8BF34E-22F3-4F1C-AD3F-E96DDB138A97}.Debug|Any CPU.Build.0 = Debug|Any CPU
		{9D8BF34E-22F3-4F1C-AD3F-E96DDB138A97}.newConfig|Any CPU.ActiveCfg = newConfig|Any CPU
		{9D8BF34E-22F3-4F1C-AD3F-E96DDB138A97}.newConfig|Any CPU.Build.0 = newConfig|Any CPU
		{9D8BF34E-22F3-4F1C-AD3F-E96DDB138A97}.Release|Any CPU.ActiveCfg = Release|Any CPU
		{9D8BF34E-22F3-4F1C-AD3F-E96DDB138A97}.Release|Any CPU.Build.0 = Release|Any CPU
		{7CE0A616-27A0-4818-A478-979CA139D398}.Debug|Any CPU.ActiveCfg = Debug|Any CPU
		{7CE0A616-27A0-4818-A478-979CA139D398}.Debug|Any CPU.Build.0 = Debug|Any CPU
		{7CE0A616-27A0-4818-A478-979CA139D398}.newConfig|Any CPU.ActiveCfg = newConfig|Any CPU
		{7CE0A616-27A0-4818-A478-979CA139D398}.newConfig|Any CPU.Build.0 = newConfig|Any CPU
		{7CE0A616-27A0-4818-A478-979CA139D398}.Release|Any CPU.ActiveCfg = Release|Any CPU
		{7CE0A616-27A0-4818-A478-979CA139D398}.Release|Any CPU.Build.0 = Release|Any CPU
		{10D257D3-151A-4596-A144-4247BBB93EEE}.Debug|Any CPU.ActiveCfg = Debug|Any CPU
		{10D257D3-151A-4596-A144-4247BBB93EEE}.Debug|Any CPU.Build.0 = Debug|Any CPU
		{10D257D3-151A-4596-A144-4247BBB93EEE}.newConfig|Any CPU.ActiveCfg = newConfig|Any CPU
		{10D257D3-151A-4596-A144-4247BBB93EEE}.newConfig|Any CPU.Build.0 = newConfig|Any CPU
		{10D257D3-151A-4596-A144-4247BBB93EEE}.Release|Any CPU.ActiveCfg = Release|Any CPU
		{10D257D3-151A-4596-A144-4247BBB93EEE}.Release|Any CPU.Build.0 = Release|Any CPU
		{973BE50E-A96B-4824-8A40-9732AD941EDB}.Debug|Any CPU.ActiveCfg = Debug|Any CPU
		{973BE50E-A96B-4824-8A40-9732AD941EDB}.Debug|Any CPU.Build.0 = Debug|Any CPU
		{973BE50E-A96B-4824-8A40-9732AD941EDB}.Debug|Any CPU.Deploy.0 = Debug|Any CPU
		{973BE50E-A96B-4824-8A40-9732AD941EDB}.newConfig|Any CPU.ActiveCfg = newConfig|Any CPU
		{973BE50E-A96B-4824-8A40-9732AD941EDB}.newConfig|Any CPU.Build.0 = newConfig|Any CPU
		{973BE50E-A96B-4824-8A40-9732AD941EDB}.Release|Any CPU.ActiveCfg = Release|Any CPU
		{973BE50E-A96B-4824-8A40-9732AD941EDB}.Release|Any CPU.Build.0 = Release|Any CPU
		{626C4AAD-9F3F-4CF5-B5C9-B77148C4EED7}.Debug|Any CPU.ActiveCfg = Debug|Any CPU
		{626C4AAD-9F3F-4CF5-B5C9-B77148C4EED7}.Debug|Any CPU.Build.0 = Debug|Any CPU
		{626C4AAD-9F3F-4CF5-B5C9-B77148C4EED7}.newConfig|Any CPU.ActiveCfg = newConfig|Any CPU
		{626C4AAD-9F3F-4CF5-B5C9-B77148C4EED7}.newConfig|Any CPU.Build.0 = newConfig|Any CPU
		{626C4AAD-9F3F-4CF5-B5C9-B77148C4EED7}.Release|Any CPU.ActiveCfg = Release|Any CPU
		{626C4AAD-9F3F-4CF5-B5C9-B77148C4EED7}.Release|Any CPU.Build.0 = Release|Any CPU
		{5D830774-C986-4F98-B1CD-0013A2EB85BC}.Debug|Any CPU.ActiveCfg = Debug|Any CPU
		{5D830774-C986-4F98-B1CD-0013A2EB85BC}.Debug|Any CPU.Build.0 = Debug|Any CPU
		{5D830774-C986-4F98-B1CD-0013A2EB85BC}.newConfig|Any CPU.ActiveCfg = Debug|Any CPU
		{5D830774-C986-4F98-B1CD-0013A2EB85BC}.newConfig|Any CPU.Build.0 = Debug|Any CPU
		{5D830774-C986-4F98-B1CD-0013A2EB85BC}.Release|Any CPU.ActiveCfg = Release|Any CPU
		{5D830774-C986-4F98-B1CD-0013A2EB85BC}.Release|Any CPU.Build.0 = Release|Any CPU
		{6C29FABE-DA6E-4A19-A27A-A685F13409FA}.Debug|Any CPU.ActiveCfg = Debug|Any CPU
		{6C29FABE-DA6E-4A19-A27A-A685F13409FA}.Debug|Any CPU.Build.0 = Debug|Any CPU
		{6C29FABE-DA6E-4A19-A27A-A685F13409FA}.newConfig|Any CPU.ActiveCfg = Debug|Any CPU
		{6C29FABE-DA6E-4A19-A27A-A685F13409FA}.newConfig|Any CPU.Build.0 = Debug|Any CPU
		{6C29FABE-DA6E-4A19-A27A-A685F13409FA}.Release|Any CPU.ActiveCfg = Release|Any CPU
		{6C29FABE-DA6E-4A19-A27A-A685F13409FA}.Release|Any CPU.Build.0 = Release|Any CPU
		{AFA8FC86-D7E6-4391-93B3-3204472EED77}.Debug|Any CPU.ActiveCfg = Debug|Any CPU
		{AFA8FC86-D7E6-4391-93B3-3204472EED77}.Debug|Any CPU.Build.0 = Debug|Any CPU
		{AFA8FC86-D7E6-4391-93B3-3204472EED77}.newConfig|Any CPU.ActiveCfg = Debug|Any CPU
		{AFA8FC86-D7E6-4391-93B3-3204472EED77}.newConfig|Any CPU.Build.0 = Debug|Any CPU
		{AFA8FC86-D7E6-4391-93B3-3204472EED77}.Release|Any CPU.ActiveCfg = Release|Any CPU
		{AFA8FC86-D7E6-4391-93B3-3204472EED77}.Release|Any CPU.Build.0 = Release|Any CPU
	EndGlobalSection
	GlobalSection(SolutionProperties) = preSolution
		HideSolutionNode = FALSE
	EndGlobalSection
	GlobalSection(NestedProjects) = preSolution
		{83287F13-9115-494C-A86E-08910C56AE43} = {F459731A-950D-4E03-A4C0-D6D19AA42A77}
		{E71314E6-1430-461A-BFE4-F7822E0CAF27} = {F459731A-950D-4E03-A4C0-D6D19AA42A77}
		{E712230D-668A-4820-B528-F057629AF841} = {A7978F68-4F89-418D-AFB0-F388A2A950EC}
		{BCADC602-C2E0-4FDB-975D-D722646CAC0C} = {A7978F68-4F89-418D-AFB0-F388A2A950EC}
		{6D16F6E3-B1A8-4CE7-8C44-9EDB656BE4AE} = {A7978F68-4F89-418D-AFB0-F388A2A950EC}
		{4D97A36D-3846-448C-8D74-257CC2ADAA59} = {C8F266CB-D3FE-48B0-9822-6EDE2B61AFCC}
		{9D8BF34E-22F3-4F1C-AD3F-E96DDB138A97} = {C8F266CB-D3FE-48B0-9822-6EDE2B61AFCC}
		{7CE0A616-27A0-4818-A478-979CA139D398} = {C8F266CB-D3FE-48B0-9822-6EDE2B61AFCC}
		{10D257D3-151A-4596-A144-4247BBB93EEE} = {CADDD7F8-4297-4AC9-8DFB-EE7D9BB96BFA}
		{626C4AAD-9F3F-4CF5-B5C9-B77148C4EED7} = {CADDD7F8-4297-4AC9-8DFB-EE7D9BB96BFA}
		{5D830774-C986-4F98-B1CD-0013A2EB85BC} = {CADDD7F8-4297-4AC9-8DFB-EE7D9BB96BFA}
		{6C29FABE-DA6E-4A19-A27A-A685F13409FA} = {A7978F68-4F89-418D-AFB0-F388A2A950EC}
	EndGlobalSection
	GlobalSection(ExtensibilityGlobals) = postSolution
		SolutionGuid = {F510FE23-BE06-4E63-BFBC-FD40BE8C234E}
	EndGlobalSection
EndGlobal
